
Microsoft Visual Studio Solution File, Format Version 12.00
# Visual Studio 2013
VisualStudioVersion = 12.0.40629.0
MinimumVisualStudioVersion = 10.0.40219.1
Project("{FAE04EC0-301F-11D3-BF4B-00C04F79EFBC}") = "LumisCalendarSync", "LumisCalendarSync\LumisCalendarSync.csproj", "{BD8D9BE0-CAA5-48AC-88EF-BEEF2FD85552}"
EndProject
Project("{930C7802-8A8C-48F9-8165-68863BCCD9DD}") = "LumisCalendarSyncSetup", "LumisCalendarSyncSetup\LumisCalendarSyncSetup.wixproj", "{71D0E3DC-D9E4-44BC-94B9-58C5D08B4518}"
EndProject
Global
	GlobalSection(TeamFoundationVersionControl) = preSolution
		SccNumberOfProjects = 3
		SccEnterpriseProvider = {4CA58AB2-18FA-4F8D-95D4-32DDF27D184C}
		SccTeamFoundationServer = https://tfs.codeplex.com/tfs/tfs12
		SccLocalPath0 = .
		SccProjectUniqueName1 = LumisCalendarSync\\LumisCalendarSync.csproj
		SccProjectName1 = LumisCalendarSync
		SccLocalPath1 = LumisCalendarSync
		SccProjectUniqueName2 = LumisCalendarSyncSetup\\LumisCalendarSyncSetup.wixproj
		SccProjectName2 = LumisCalendarSyncSetup
		SccLocalPath2 = LumisCalendarSyncSetup
	EndGlobalSection
	GlobalSection(SolutionConfigurationPlatforms) = preSolution
		Debug|Any CPU = Debug|Any CPU
		Debug|Mixed Platforms = Debug|Mixed Platforms
		Debug|x86 = Debug|x86
		Release|Any CPU = Release|Any CPU
		Release|Mixed Platforms = Release|Mixed Platforms
		Release|x86 = Release|x86
	EndGlobalSection
	GlobalSection(ProjectConfigurationPlatforms) = postSolution
		{BD8D9BE0-CAA5-48AC-88EF-BEEF2FD85552}.Debug|Any CPU.ActiveCfg = Debug|Any CPU
		{BD8D9BE0-CAA5-48AC-88EF-BEEF2FD85552}.Debug|Any CPU.Build.0 = Debug|Any CPU
		{BD8D9BE0-CAA5-48AC-88EF-BEEF2FD85552}.Debug|Mixed Platforms.ActiveCfg = Debug|x86
		{BD8D9BE0-CAA5-48AC-88EF-BEEF2FD85552}.Debug|Mixed Platforms.Build.0 = Debug|x86
		{BD8D9BE0-CAA5-48AC-88EF-BEEF2FD85552}.Debug|x86.ActiveCfg = Debug|x86
		{BD8D9BE0-CAA5-48AC-88EF-BEEF2FD85552}.Debug|x86.Build.0 = Debug|x86
		{BD8D9BE0-CAA5-48AC-88EF-BEEF2FD85552}.Release|Any CPU.ActiveCfg = Release|Any CPU
		{BD8D9BE0-CAA5-48AC-88EF-BEEF2FD85552}.Release|Any CPU.Build.0 = Release|Any CPU
		{BD8D9BE0-CAA5-48AC-88EF-BEEF2FD85552}.Release|Mixed Platforms.ActiveCfg = Release|x86
		{BD8D9BE0-CAA5-48AC-88EF-BEEF2FD85552}.Release|Mixed Platforms.Build.0 = Release|x86
		{BD8D9BE0-CAA5-48AC-88EF-BEEF2FD85552}.Release|x86.ActiveCfg = Release|x86
		{BD8D9BE0-CAA5-48AC-88EF-BEEF2FD85552}.Release|x86.Build.0 = Release|x86
		{71D0E3DC-D9E4-44BC-94B9-58C5D08B4518}.Debug|Any CPU.ActiveCfg = Debug|x86
		{71D0E3DC-D9E4-44BC-94B9-58C5D08B4518}.Debug|Mixed Platforms.ActiveCfg = Debug|x86
		{71D0E3DC-D9E4-44BC-94B9-58C5D08B4518}.Debug|Mixed Platforms.Build.0 = Debug|x86
		{71D0E3DC-D9E4-44BC-94B9-58C5D08B4518}.Debug|x86.ActiveCfg = Debug|x86
		{71D0E3DC-D9E4-44BC-94B9-58C5D08B4518}.Debug|x86.Build.0 = Debug|x86
		{71D0E3DC-D9E4-44BC-94B9-58C5D08B4518}.Release|Any CPU.ActiveCfg = Release|x86
		{71D0E3DC-D9E4-44BC-94B9-58C5D08B4518}.Release|Any CPU.Build.0 = Release|x86
		{71D0E3DC-D9E4-44BC-94B9-58C5D08B4518}.Release|Mixed Platforms.ActiveCfg = Release|x86
		{71D0E3DC-D9E4-44BC-94B9-58C5D08B4518}.Release|Mixed Platforms.Build.0 = Release|x86
		{71D0E3DC-D9E4-44BC-94B9-58C5D08B4518}.Release|x86.ActiveCfg = Release|x86
		{71D0E3DC-D9E4-44BC-94B9-58C5D08B4518}.Release|x86.Build.0 = Release|x86
	EndGlobalSection
	GlobalSection(SolutionProperties) = preSolution
		HideSolutionNode = FALSE
	EndGlobalSection
EndGlobal
